github.com/pkg/errors v0.9.1 h1:FEBLx1zS214owpjy7qsBeixbURkuhQAwrK5UwLGTwt4=
github.com/pkg/errors v0.9.1/go.mod h1:bwawxfHBFNV+L2hUp1rHADufV3IMtnDRdf1r5NINEl0=
github.com/yobert/alsa v0.0.0-20200618200352-d079056f5370 h1:I8PHpJWTMTJZVDoosy8aXslFGe7wvcUbol7fOrVy4Tc=
github.com/yobert/alsa v0.0.0-20200618200352-d079056f5370/go.mod h1:CaowXBWOiSGWEpBBV8LoVnQTVPV4ycyviC9IBLj8dRw=
